github.com/TarloNotturno/MyFunc v1.0.3 h1:PB/B2aj98m6t3AdwgG1tqCilxuadnzlHaPk6xcEayMM=
github.com/TarloNotturno/MyFunc v1.0.3/go.mod h1:kh6QRUqoehJJY3a7tm8SWtVbglczD0Nyg19bcxGwASg=
github.com/TarloNotturno/MyFunc v1.0.4-0.20240630121023-dfcdc69434b6 h1:4hLf8ckL7VyKhPb4195yxydRfLMReDudjkHXL/9t4IA=
github.com/TarloNotturno/MyFunc v1.0.4-0.20240630121023-dfcdc69434b6/go.mod h1:kh6QRUqoehJJY3a7tm8SWtVbglczD0Nyg19bcxGwASg=
github.com/TarloNotturno/MyFunc v1.0.4-0.20240630121817-182a8d181fc2 h1:JFo+eLaz1HbWWeYF5qQzvwsmfihwozUAByQ0vCj+AHI=
github.com/TarloNotturno/MyFunc v1.0.4-0.20240630121817-182a8d181fc2/go.mod h1:kh6QRUqoehJJY3a7tm8SWtVbglczD0Nyg19bcxGwASg=
github.com/TarloNotturno/MyFunc v1.0.4-0.20240630122357-5f60aa6d5a47 h1:29HIvTiIymXmaUFe2DRWEqVO0kV60Wcnwzq/j1rtiVQ=
github.com/TarloNotturno/MyFunc v1.0.4-0.20240630122357-5f60aa6d5a47/go.mod h1:kh6QRUqoehJJY3a7tm8SWtVbglczD0Nyg19bcxGwASg=
github.com/TarloNotturno/MyFunc v1.0.4-0.20240630124643-fdda0dbdc3ec h1:34QIgqVyjDUF23k+F6OAWZq7YFBEnIsHGY1ydZpwtZA=
github.com/TarloNotturno/MyFunc v1.0.4-0.20240630124643-fdda0dbdc3ec/go.mod h1:kh6QRUqoehJJY3a7tm8SWtVbglczD0Nyg19bcxGwASg=
